GEM
  remote: https://rubygems.org/
  specs:
    pg (1.6.3-arm64-darwin)
    pg (1.6.3-x86_64-linux)

PLATFORMS
  arm64-darwin
  x86_64-linux

DEPENDENCIES
  pg

CHECKSUMS
  bundler (4.0.11) sha256=5bcec0fb78302e48d02ee46f10ee6e6942be647ba5b44a6d1ddfda9a240ce785
  pg (1.6.3-arm64-darwin) sha256=7240330b572e6355d7c75a7de535edb5dfcbd6295d9c7777df4d9dddfb8c0e5f
  pg (1.6.3-x86_64-linux) sha256=5d9e188c8f7a0295d162b7b88a768d8452a899977d44f3274d1946d67920ae8d

RUBY VERSION
  ruby 3.2.2

BUNDLED WITH
  4.0.11
